// !$*UTF8*$!
{
	archiveVersion = 1;
	classes = {
	};
	objectVersion = 42;
	objects = {

/* Begin PBXGroup section */
		F4716D0F13BDCF9300E19FCE = {
			isa = PBXGroup;
			children = (
			);
			sourceTree = "<group>";
		};
/* End PBXGroup section */

/* Begin PBXProject section */
		F4716D1113BDCF9300E19FCE /* Project object */ = {
			isa = PBXProject;
			buildConfigurationList = F4716D1413BDCF9300E19FCE /* Build configuration list for PBXProject "Untitled" */;
			compatibilityVersion = "Xcode 2.4";
			hasScannedForEncodings = 0;
			mainGroup = F4716D0F13BDCF9300E19FCE;
			projectDirPath = "";
			projectRoot = "";
			targets = (
			);
		};
/* End PBXProject section */

/* Begin XCBuildConfiguration section */
		F4716D1213BDCF9300E19FCE /* Debug */ = {
			isa = XCBuildConfiguration;
			buildSettings = {
				COPY_PHASE_STRIP = NO;
			};
			name = Debug;
		};
		F4716D1313BDCF9300E19FCE /* Release */ = {
			isa = XCBuildConfiguration;
			buildSettings = {
				COPY_PHASE_STRIP = YES;
			};
			name = Release;
		};
/* End XCBuildConfiguration section */

/* Begin XCConfigurationList section */
		F4716D1413BDCF9300E19FCE /* Build configuration list for PBXProject "Untitled" */ = {
			isa = XCConfigurationList;
			buildConfigurations = (
				F4716D1213BDCF9300E19FCE /* Debug */,
				F4716D1313BDCF9300E19FCE /* Release */,
			);
			defaultConfigurationIsVisible = 0;
			defaultConfigurationName = Release;
		};
/* End XCConfigurationList section */
	};
	rootObject = F4716D1113BDCF9300E19FCE /* Project object */;
}
